
Microsoft Visual Studio Solution File, Format Version 12.00
# Visual Studio 14
VisualStudioVersion = 14.0.25420.1
MinimumVisualStudioVersion = 10.0.40219.1
Project("{FAE04EC0-301F-11D3-BF4B-00C04F79EFBC}") = "MSA2016Mod2", "MSA2016Mod2\MSA2016Mod2.csproj", "{AC7A6789-E090-42F7-A98A-6D54D8CEBE08}"
EndProject
Global
	GlobalSection(SolutionConfigurationPlatforms) = preSolution
		Debug|Any CPU = Debug|Any CPU
		Release|Any CPU = Release|Any CPU
	EndGlobalSection
	GlobalSection(ProjectConfigurationPlatforms) = postSolution
		{AC7A6789-E090-42F7-A98A-6D54D8CEBE08}.Debug|Any CPU.ActiveCfg = Debug|Any CPU
		{AC7A6789-E090-42F7-A98A-6D54D8CEBE08}.Debug|Any CPU.Build.0 = Debug|Any CPU
		{AC7A6789-E090-42F7-A98A-6D54D8CEBE08}.Release|Any CPU.ActiveCfg = Release|Any CPU
		{AC7A6789-E090-42F7-A98A-6D54D8CEBE08}.Release|Any CPU.Build.0 = Release|Any CPU
	EndGlobalSection
	GlobalSection(SolutionProperties) = preSolution
		HideSolutionNode = FALSE
	EndGlobalSection
EndGlobal
